
Microsoft Visual Studio Solution File, Format Version 12.00
# Visual Studio Version 16
VisualStudioVersion = 16.0.29324.140
MinimumVisualStudioVersion = 10.0.40219.1
Project("{FAE04EC0-301F-11D3-BF4B-00C04F79EFBC}") = "Laba_2_5", "Laba_2_5\Laba_2_5.csproj", "{EC0043D7-3559-4C70-B7D4-86A72B086400}"
EndProject
Global
	GlobalSection(SolutionConfigurationPlatforms) = preSolution
		Debug|Any CPU = Debug|Any CPU
		Release|Any CPU = Release|Any CPU
	EndGlobalSection
	GlobalSection(ProjectConfigurationPlatforms) = postSolution
		{EC0043D7-3559-4C70-B7D4-86A72B086400}.Debug|Any CPU.ActiveCfg = Debug|Any CPU
		{EC0043D7-3559-4C70-B7D4-86A72B086400}.Debug|Any CPU.Build.0 = Debug|Any CPU
		{EC0043D7-3559-4C70-B7D4-86A72B086400}.Release|Any CPU.ActiveCfg = Release|Any CPU
		{EC0043D7-3559-4C70-B7D4-86A72B086400}.Release|Any CPU.Build.0 = Release|Any CPU
	EndGlobalSection
	GlobalSection(SolutionProperties) = preSolution
		HideSolutionNode = FALSE
	EndGlobalSection
	GlobalSection(ExtensibilityGlobals) = postSolution
		SolutionGuid = {3EF1CC03-9860-424F-946C-BEBAB79B0F9F}
	EndGlobalSection
EndGlobal
