
Microsoft Visual Studio Solution File, Format Version 12.00
# Visual Studio Version 16
VisualStudioVersion = 16.0.29324.140
MinimumVisualStudioVersion = 10.0.40219.1
Project("{FAE04EC0-301F-11D3-BF4B-00C04F79EFBC}") = "laba_2_6", "laba_2_6\laba_2_6.csproj", "{56855978-6273-4D25-9F84-F65667BF5BED}"
EndProject
Global
	GlobalSection(SolutionConfigurationPlatforms) = preSolution
		Debug|Any CPU = Debug|Any CPU
		Release|Any CPU = Release|Any CPU
	EndGlobalSection
	GlobalSection(ProjectConfigurationPlatforms) = postSolution
		{56855978-6273-4D25-9F84-F65667BF5BED}.Debug|Any CPU.ActiveCfg = Debug|Any CPU
		{56855978-6273-4D25-9F84-F65667BF5BED}.Debug|Any CPU.Build.0 = Debug|Any CPU
		{56855978-6273-4D25-9F84-F65667BF5BED}.Release|Any CPU.ActiveCfg = Release|Any CPU
		{56855978-6273-4D25-9F84-F65667BF5BED}.Release|Any CPU.Build.0 = Release|Any CPU
	EndGlobalSection
	GlobalSection(SolutionProperties) = preSolution
		HideSolutionNode = FALSE
	EndGlobalSection
	GlobalSection(ExtensibilityGlobals) = postSolution
		SolutionGuid = {0AB79CDC-74A3-44EE-BE39-13237A5566F1}
	EndGlobalSection
EndGlobal
